
Microsoft Visual Studio Solution File, Format Version 12.00
# Visual Studio Version 16
VisualStudioVersion = 16.0.30011.22
MinimumVisualStudioVersion = 10.0.40219.1
Project("{FAE04EC0-301F-11D3-BF4B-00C04F79EFBC}") = "WPF_Calculator", "WPF_Calculator\WPF_Calculator.csproj", "{A0C5FEF4-8BA0-43CB-BC6A-737A6EAADB1F}"
EndProject
Global
	GlobalSection(SolutionConfigurationPlatforms) = preSolution
		Debug|Any CPU = Debug|Any CPU
		Release|Any CPU = Release|Any CPU
	EndGlobalSection
	GlobalSection(ProjectConfigurationPlatforms) = postSolution
		{A0C5FEF4-8BA0-43CB-BC6A-737A6EAADB1F}.Debug|Any CPU.ActiveCfg = Debug|Any CPU
		{A0C5FEF4-8BA0-43CB-BC6A-737A6EAADB1F}.Debug|Any CPU.Build.0 = Debug|Any CPU
		{A0C5FEF4-8BA0-43CB-BC6A-737A6EAADB1F}.Release|Any CPU.ActiveCfg = Release|Any CPU
		{A0C5FEF4-8BA0-43CB-BC6A-737A6EAADB1F}.Release|Any CPU.Build.0 = Release|Any CPU
	EndGlobalSection
	GlobalSection(SolutionProperties) = preSolution
		HideSolutionNode = FALSE
	EndGlobalSection
	GlobalSection(ExtensibilityGlobals) = postSolution
		SolutionGuid = {6FB43686-A6AB-4C80-B3AC-069C81F869E3}
	EndGlobalSection
EndGlobal
